
Microsoft Visual Studio Solution File, Format Version 12.00
# Visual Studio 15
VisualStudioVersion = 15.0.27004.2009
MinimumVisualStudioVersion = 10.0.40219.1
Project("{FAE04EC0-301F-11D3-BF4B-00C04F79EFBC}") = "JG_Final2", "JG_Final2\JG_Final2.csproj", "{DF5ABF8C-303D-426B-9700-E934B708D875}"
EndProject
Global
	GlobalSection(SolutionConfigurationPlatforms) = preSolution
		Debug|Any CPU = Debug|Any CPU
		Release|Any CPU = Release|Any CPU
	EndGlobalSection
	GlobalSection(ProjectConfigurationPlatforms) = postSolution
		{DF5ABF8C-303D-426B-9700-E934B708D875}.Debug|Any CPU.ActiveCfg = Debug|Any CPU
		{DF5ABF8C-303D-426B-9700-E934B708D875}.Debug|Any CPU.Build.0 = Debug|Any CPU
		{DF5ABF8C-303D-426B-9700-E934B708D875}.Release|Any CPU.ActiveCfg = Release|Any CPU
		{DF5ABF8C-303D-426B-9700-E934B708D875}.Release|Any CPU.Build.0 = Release|Any CPU
	EndGlobalSection
	GlobalSection(SolutionProperties) = preSolution
		HideSolutionNode = FALSE
	EndGlobalSection
	GlobalSection(ExtensibilityGlobals) = postSolution
		SolutionGuid = {F4BDB03F-813D-4336-9F98-0233BE262434}
	EndGlobalSection
EndGlobal
